
Microsoft Visual Studio Solution File, Format Version 12.00
# Visual Studio 15
VisualStudioVersion = 15.0.27130.2026
MinimumVisualStudioVersion = 10.0.40219.1
Project("{FAE04EC0-301F-11D3-BF4B-00C04F79EFBC}") = "Lab3IGI", "Lab3IGI\Lab3IGI.csproj", "{62AE9B5B-D511-43C3-B0E9-858A34EF068C}"
EndProject
Global
	GlobalSection(SolutionConfigurationPlatforms) = preSolution
		Debug|Any CPU = Debug|Any CPU
		Release|Any CPU = Release|Any CPU
	EndGlobalSection
	GlobalSection(ProjectConfigurationPlatforms) = postSolution
		{62AE9B5B-D511-43C3-B0E9-858A34EF068C}.Debug|Any CPU.ActiveCfg = Debug|Any CPU
		{62AE9B5B-D511-43C3-B0E9-858A34EF068C}.Debug|Any CPU.Build.0 = Debug|Any CPU
		{62AE9B5B-D511-43C3-B0E9-858A34EF068C}.Release|Any CPU.ActiveCfg = Release|Any CPU
		{62AE9B5B-D511-43C3-B0E9-858A34EF068C}.Release|Any CPU.Build.0 = Release|Any CPU
	EndGlobalSection
	GlobalSection(SolutionProperties) = preSolution
		HideSolutionNode = FALSE
	EndGlobalSection
	GlobalSection(ExtensibilityGlobals) = postSolution
		SolutionGuid = {D0889559-0D16-43B7-9D0A-E49280AC8899}
	EndGlobalSection
EndGlobal
